
Microsoft Visual Studio Solution File, Format Version 11.00
# Visual Studio 2010
Project("{FAE04EC0-301F-11D3-BF4B-00C04F79EFBC}") = "Assembly-CSharp", "Assembly-CSharp.csproj", "{BFDDAEB5-2E0E-0B90-7382-6484DDE9C741}"
EndProject
Project("{FAE04EC0-301F-11D3-BF4B-00C04F79EFBC}") = "Assembly-CSharp-Editor", "Assembly-CSharp-Editor.csproj", "{227876A2-483D-E078-9939-E55B647D6679}"
EndProject
Global
	GlobalSection(SolutionConfigurationPlatforms) = preSolution
		Debug|Any CPU = Debug|Any CPU
		Release|Any CPU = Release|Any CPU
	EndGlobalSection
	GlobalSection(ProjectConfigurationPlatforms) = postSolution
		{BFDDAEB5-2E0E-0B90-7382-6484DDE9C741}.Debug|Any CPU.ActiveCfg = Debug|Any CPU
		{BFDDAEB5-2E0E-0B90-7382-6484DDE9C741}.Debug|Any CPU.Build.0 = Debug|Any CPU
		{BFDDAEB5-2E0E-0B90-7382-6484DDE9C741}.Release|Any CPU.ActiveCfg = Release|Any CPU
		{BFDDAEB5-2E0E-0B90-7382-6484DDE9C741}.Release|Any CPU.Build.0 = Release|Any CPU
		{227876A2-483D-E078-9939-E55B647D6679}.Debug|Any CPU.ActiveCfg = Debug|Any CPU
		{227876A2-483D-E078-9939-E55B647D6679}.Debug|Any CPU.Build.0 = Debug|Any CPU
		{227876A2-483D-E078-9939-E55B647D6679}.Release|Any CPU.ActiveCfg = Release|Any CPU
		{227876A2-483D-E078-9939-E55B647D6679}.Release|Any CPU.Build.0 = Release|Any CPU
	EndGlobalSection
	GlobalSection(SolutionProperties) = preSolution
		HideSolutionNode = FALSE
	EndGlobalSection
	GlobalSection(MonoDevelopProperties) = preSolution
		StartupItem = Assembly-CSharp.csproj
	EndGlobalSection
EndGlobal
